PODS:
  - Alamofire (5.2.1)
  - IQKeyboardManagerSwift (6.5.5)
  - Kingfisher (5.14.1):
    - Kingfisher/Core (= 5.14.1)
  - Kingfisher/Core (5.14.1)
  - MOLH (1.4.1)
  - NVActivityIndicatorView (4.8.0):
    - NVActivityIndicatorView/Presenter (= 4.8.0)
  - NVActivityIndicatorView/Presenter (4.8.0)
  - SideMenu (6.4.8)

DEPENDENCIES:
  - Alamofire
  - IQKeyboardManagerSwift
  - Kingfisher
  - MOLH
  - NVActivityIndicatorView (~> 4.8.0)
  - SideMenu

SPEC REPOS:
  trunk:
    - Alamofire
    - IQKeyboardManagerSwift
    - Kingfisher
    - MOLH
    - NVActivityIndicatorView
    - SideMenu

SPEC CHECKSUMS:
  Alamofire: e911732990610fe89af59ac0077f923d72dc3dfd
  IQKeyboardManagerSwift: 0fb93310284665245591f50f7a5e38de615960b7
  Kingfisher: 8050bc6f7f68cbf3908bd04df7ccbac188f6d6d6
  MOLH: 9ea6c0390f5963b2df9827ae64035fbc8598b092
  NVActivityIndicatorView: d24b7ebcf80af5dcd994adb650e2b6c93379270f
  SideMenu: 4a891be552d30bb6fa87ad404d62e485f8450c34

PODFILE CHECKSUM: 57d15dec8c51e7361b9b4eec97ab1e09c402ecd0

COCOAPODS: 1.9.1
